// !$*UTF8*$!
{
	archiveVersion = 1;
	classes = {
	};
	objectVersion = 46;
	objects = {

/* Begin PBXBuildFile section */
		2761837F1DAA146400C3AC77 /* CalculatorBrain.swift in Sources */ = {isa = PBXBuildFile; fileRef = 2761837E1DAA146400C3AC77 /* CalculatorBrain.swift */; };
		27647FEC1DA9D667003E718F /* AppDelegate.swift in Sources */ = {isa = PBXBuildFile; fileRef = 27647FEB1DA9D667003E718F /* AppDelegate.swift */; };
		27647FEE1DA9D667003E718F /* ViewController.swift in Sources */ = {isa = PBXBuildFile; fileRef = 27647FED1DA9D667003E718F /* ViewController.swift */; };
		27647FF11DA9D667003E718F /* Main.storyboard in Resources */ = {isa = PBXBuildFile; fileRef = 27647FEF1DA9D667003E718F /* Main.storyboard */; };
		27647FF31DA9D667003E718F /* Assets.xcassets in Resources */ = {isa = PBXBuildFile; fileRef = 27647FF21DA9D667003E718F /* Assets.xcassets */; };
		27647FF61DA9D667003E718F /* LaunchScreen.storyboard in Resources */ = {isa = PBXBuildFile; fileRef = 27647FF41DA9D667003E718F /* LaunchScreen.storyboard */; };
		276480011DA9D668003E718F /* CalculatorTests.swift in Sources */ = {isa = PBXBuildFile; fileRef = 276480001DA9D668003E718F /* CalculatorTests.swift */; };
		2764800C1DA9D668003E718F /* CalculatorUITests.swift in Sources */ = {isa = PBXBuildFile; fileRef = 2764800B1DA9D668003E718F /* CalculatorUITests.swift */; };
/* End PBXBuildFile section */

/* Begin PBXContainerItemProxy section */
		27647FFD1DA9D668003E718F /* PBXContainerItemProxy */ = {
			isa = PBXContainerItemProxy;
			containerPortal = 27647FE01DA9D667003E718F /* Project object */;
			proxyType = 1;
			remoteGlobalIDString = 27647FE71DA9D667003E718F;
			remoteInfo = Calculator;
		};
		276480081DA9D668003E718F /* PBXContainerItemProxy */ = {
			isa = PBXContainerItemProxy;
			containerPortal = 27647FE01DA9D667003E718F /* Project object */;
			proxyType = 1;
			remoteGlobalIDString = 27647FE71DA9D667003E718F;
			remoteInfo = Calculator;
		};
/* End PBXContainerItemProxy section */

/* Begin PBXFileReference section */
		2761837E1DAA146400C3AC77 /* CalculatorBrain.swift */ = {isa = PBXFileReference; fileEncoding = 4; lastKnownFileType = sourcecode.swift; path = CalculatorBrain.swift; sourceTree = "<group>"; };
		27647FE81DA9D667003E718F /* Calculator.app */ = {isa = PBXFileReference; explicitFileType = wrapper.application; includeInIndex = 0; path = Calculator.app; sourceTree = BUILT_PRODUCTS_DIR; };
		27647FEB1DA9D667003E718F /* AppDelegate.swift */ = {isa = PBXFileReference; lastKnownFileType = sourcecode.swift; path = AppDelegate.swift; sourceTree = "<group>"; };
		27647FED1DA9D667003E718F /* ViewController.swift */ = {isa = PBXFileReference; lastKnownFileType = sourcecode.swift; path = ViewController.swift; sourceTree = "<group>"; };
		27647FF01DA9D667003E718F /* Base */ = {isa = PBXFileReference; lastKnownFileType = file.storyboard; name = Base; path = Base.lproj/Main.storyboard; sourceTree = "<group>"; };
		27647FF21DA9D667003E718F /* Assets.xcassets */ = {isa = PBXFileReference; lastKnownFileType = folder.assetcatalog; path = Assets.xcassets; sourceTree = "<group>"; };
		27647FF51DA9D667003E718F /* Base */ = {isa = PBXFileReference; lastKnownFileType = file.storyboard; name = Base; path = Base.lproj/LaunchScreen.storyboard; sourceTree = "<group>"; };
		27647FF71DA9D667003E718F /* Info.plist */ = {isa = PBXFileReference; lastKnownFileType = text.plist.xml; path = Info.plist; sourceTree = "<group>"; };
		27647FFC1DA9D668003E718F /* CalculatorTests.xctest */ = {isa = PBXFileReference; explicitFileType = wrapper.cfbundle; includeInIndex = 0; path = CalculatorTests.xctest; sourceTree = BUILT_PRODUCTS_DIR; };
		276480001DA9D668003E718F /* CalculatorTests.swift */ = {isa = PBXFileReference; lastKnownFileType = sourcecode.swift; path = CalculatorTests.swift; sourceTree = "<group>"; };
		276480021DA9D668003E718F /* Info.plist */ = {isa = PBXFileReference; lastKnownFileType = text.plist.xml; path = Info.plist; sourceTree = "<group>"; };
		276480071DA9D668003E718F /* CalculatorUITests.xctest */ = {isa = PBXFileReference; explicitFileType = wrapper.cfbundle; includeInIndex = 0; path = CalculatorUITests.xctest; sourceTree = BUILT_PRODUCTS_DIR; };
		2764800B1DA9D668003E718F /* CalculatorUITests.swift */ = {isa = PBXFileReference; lastKnownFileType = sourcecode.swift; path = CalculatorUITests.swift; sourceTree = "<group>"; };
		2764800D1DA9D668003E718F /* Info.plist */ = {isa = PBXFileReference; lastKnownFileType = text.plist.xml; path = Info.plist; sourceTree = "<group>"; };
/* End PBXFileReference section */

/* Begin PBXFrameworksBuildPhase section */
		27647FE51DA9D667003E718F /* Frameworks */ = {
			isa = PBXFrameworksBuildPhase;
			buildActionMask = 2147483647;
			files = (
			);
			runOnlyForDeploymentPostprocessing = 0;
		};
		27647FF91DA9D668003E718F /* Frameworks */ = {
			isa = PBXFrameworksBuildPhase;
			buildActionMask = 2147483647;
			files = (
			);
			runOnlyForDeploymentPostprocessing = 0;
		};
		276480041DA9D668003E718F /* Frameworks */ = {
			isa = PBXFrameworksBuildPhase;
			buildActionMask = 2147483647;
			files = (
			);
			runOnlyForDeploymentPostprocessing = 0;
		};
/* End PBXFrameworksBuildPhase section */

/* Begin PBXGroup section */
		2761837D1DAA0F3200C3AC77 /* Supporting Files */ = {
			isa = PBXGroup;
			children = (
				27647FEB1DA9D667003E718F /* AppDelegate.swift */,
				27647FF21DA9D667003E718F /* Assets.xcassets */,
				27647FF41DA9D667003E718F /* LaunchScreen.storyboard */,
				27647FF71DA9D667003E718F /* Info.plist */,
			);
			name = "Supporting Files";
			sourceTree = "<group>";
		};
		27647FDF1DA9D667003E718F = {
			isa = PBXGroup;
			children = (
				27647FEA1DA9D667003E718F /* Calculator */,
				27647FFF1DA9D668003E718F /* CalculatorTests */,
				2764800A1DA9D668003E718F /* CalculatorUITests */,
				27647FE91DA9D667003E718F /* Products */,
			);
			sourceTree = "<group>";
		};
		27647FE91DA9D667003E718F /* Products */ = {
			isa = PBXGroup;
			children = (
				27647FE81DA9D667003E718F /* Calculator.app */,
				27647FFC1DA9D668003E718F /* CalculatorTests.xctest */,
				276480071DA9D668003E718F /* CalculatorUITests.xctest */,
			);
			name = Products;
			sourceTree = "<group>";
		};
		27647FEA1DA9D667003E718F /* Calculator */ = {
			isa = PBXGroup;
			children = (
				27647FED1DA9D667003E718F /* ViewController.swift */,
				2761837E1DAA146400C3AC77 /* CalculatorBrain.swift */,
				27647FEF1DA9D667003E718F /* Main.storyboard */,
				2761837D1DAA0F3200C3AC77 /* Supporting Files */,
			);
			path = Calculator;
			sourceTree = "<group>";
		};
		27647FFF1DA9D668003E718F /* CalculatorTests */ = {
			isa = PBXGroup;
			children = (
				276480001DA9D668003E718F /* CalculatorTests.swift */,
				276480021DA9D668003E718F /* Info.plist */,
			);
			path = CalculatorTests;
			sourceTree = "<group>";
		};
		2764800A1DA9D668003E718F /* CalculatorUITests */ = {
			isa = PBXGroup;
			children = (
				2764800B1DA9D668003E718F /* CalculatorUITests.swift */,
				2764800D1DA9D668003E718F /* Info.plist */,
			);
			path = CalculatorUITests;
			sourceTree = "<group>";
		};
/* End PBXGroup section */

/* Begin PBXNativeTarget section */
		27647FE71DA9D667003E718F /* Calculator */ = {
			isa = PBXNativeTarget;
			buildConfigurationList = 276480101DA9D668003E718F /* Build configuration list for PBXNativeTarget "Calculator" */;
			buildPhases = (
				27647FE41DA9D667003E718F /* Sources */,
				27647FE51DA9D667003E718F /* Frameworks */,
				27647FE61DA9D667003E718F /* Resources */,
			);
			buildRules = (
			);
			dependencies = (
			);
			name = Calculator;
			productName = Calculator;
			productReference = 27647FE81DA9D667003E718F /* Calculator.app */;
			productType = "com.apple.product-type.application";
		};
		27647FFB1DA9D668003E718F /* CalculatorTests */ = {
			isa = PBXNativeTarget;
			buildConfigurationList = 276480131DA9D668003E718F /* Build configuration list for PBXNativeTarget "CalculatorTests" */;
			buildPhases = (
				27647FF81DA9D668003E718F /* Sources */,
				27647FF91DA9D668003E718F /* Frameworks */,
				27647FFA1DA9D668003E718F /* Resources */,
			);
			buildRules = (
			);
			dependencies = (
				27647FFE1DA9D668003E718F /* PBXTargetDependency */,
			);
			name = CalculatorTests;
			productName = CalculatorTests;
			productReference = 27647FFC1DA9D668003E718F /* CalculatorTests.xctest */;
			productType = "com.apple.product-type.bundle.unit-test";
		};
		276480061DA9D668003E718F /* CalculatorUITests */ = {
			isa = PBXNativeTarget;
			buildConfigurationList = 276480161DA9D668003E718F /* Build configuration list for PBXNativeTarget "CalculatorUITests" */;
			buildPhases = (
				276480031DA9D668003E718F /* Sources */,
				276480041DA9D668003E718F /* Frameworks */,
				276480051DA9D668003E718F /* Resources */,
			);
			buildRules = (
			);
			dependencies = (
				276480091DA9D668003E718F /* PBXTargetDependency */,
			);
			name = CalculatorUITests;
			productName = CalculatorUITests;
			productReference = 276480071DA9D668003E718F /* CalculatorUITests.xctest */;
			productType = "com.apple.product-type.bundle.ui-testing";
		};
/* End PBXNativeTarget section */

/* Begin PBXProject section */
		27647FE01DA9D667003E718F /* Project object */ = {
			isa = PBXProject;
			attributes = {
				LastSwiftUpdateCheck = 0730;
				LastUpgradeCheck = 0730;
				ORGANIZATIONNAME = cdtscdts;
				TargetAttributes = {
					27647FE71DA9D667003E718F = {
						CreatedOnToolsVersion = 7.3.1;
					};
					27647FFB1DA9D668003E718F = {
						CreatedOnToolsVersion = 7.3.1;
						TestTargetID = 27647FE71DA9D667003E718F;
					};
					276480061DA9D668003E718F = {
						CreatedOnToolsVersion = 7.3.1;
						TestTargetID = 27647FE71DA9D667003E718F;
					};
				};
			};
			buildConfigurationList = 27647FE31DA9D667003E718F /* Build configuration list for PBXProject "Calculator" */;
			compatibilityVersion = "Xcode 3.2";
			developmentRegion = English;
			hasScannedForEncodings = 0;
			knownRegions = (
				en,
				Base,
			);
			mainGroup = 27647FDF1DA9D667003E718F;
			productRefGroup = 27647FE91DA9D667003E718F /* Products */;
			projectDirPath = "";
			projectRoot = "";
			targets = (
				27647FE71DA9D667003E718F /* Calculator */,
				27647FFB1DA9D668003E718F /* CalculatorTests */,
				276480061DA9D668003E718F /* CalculatorUITests */,
			);
		};
/* End PBXProject section */

/* Begin PBXResourcesBuildPhase section */
		27647FE61DA9D667003E718F /* Resources */ = {
			isa = PBXResourcesBuildPhase;
			buildActionMask = 2147483647;
			files = (
				27647FF61DA9D667003E718F /* LaunchScreen.storyboard in Resources */,
				27647FF31DA9D667003E718F /* Assets.xcassets in Resources */,
				27647FF11DA9D667003E718F /* Main.storyboard in Resources */,
			);
			runOnlyForDeploymentPostprocessing = 0;
		};
		27647FFA1DA9D668003E718F /* Resources */ = {
			isa = PBXResourcesBuildPhase;
			buildActionMask = 2147483647;
			files = (
			);
			runOnlyForDeploymentPostprocessing = 0;
		};
		276480051DA9D668003E718F /* Resources */ = {
			isa = PBXResourcesBuildPhase;
			buildActionMask = 2147483647;
			files = (
			);
			runOnlyForDeploymentPostprocessing = 0;
		};
/* End PBXResourcesBuildPhase section */

/* Begin PBXSourcesBuildPhase section */
		27647FE41DA9D667003E718F /* Sources */ = {
			isa = PBXSourcesBuildPhase;
			buildActionMask = 2147483647;
			files = (
				2761837F1DAA146400C3AC77 /* CalculatorBrain.swift in Sources */,
				27647FEE1DA9D667003E718F /* ViewController.swift in Sources */,
				27647FEC1DA9D667003E718F /* AppDelegate.swift in Sources */,
			);
			runOnlyForDeploymentPostprocessing = 0;
		};
		27647FF81DA9D668003E718F /* Sources */ = {
			isa = PBXSourcesBuildPhase;
			buildActionMask = 2147483647;
			files = (
				276480011DA9D668003E718F /* CalculatorTests.swift in Sources */,
			);
			runOnlyForDeploymentPostprocessing = 0;
		};
		276480031DA9D668003E718F /* Sources */ = {
			isa = PBXSourcesBuildPhase;
			buildActionMask = 2147483647;
			files = (
				2764800C1DA9D668003E718F /* CalculatorUITests.swift in Sources */,
			);
			runOnlyForDeploymentPostprocessing = 0;
		};
/* End PBXSourcesBuildPhase section */

/* Begin PBXTargetDependency section */
		27647FFE1DA9D668003E718F /* PBXTargetDependency */ = {
			isa = PBXTargetDependency;
			target = 27647FE71DA9D667003E718F /* Calculator */;
			targetProxy = 27647FFD1DA9D668003E718F /* PBXContainerItemProxy */;
		};
		276480091DA9D668003E718F /* PBXTargetDependency */ = {
			isa = PBXTargetDependency;
			target = 27647FE71DA9D667003E718F /* Calculator */;
			targetProxy = 276480081DA9D668003E718F /* PBXContainerItemProxy */;
		};
/* End PBXTargetDependency section */

/* Begin PBXVariantGroup section */
		27647FEF1DA9D667003E718F /* Main.storyboard */ = {
			isa = PBXVariantGroup;
			children = (
				27647FF01DA9D667003E718F /* Base */,
			);
			name = Main.storyboard;
			sourceTree = "<group>";
		};
		27647FF41DA9D667003E718F /* LaunchScreen.storyboard */ = {
			isa = PBXVariantGroup;
			children = (
				27647FF51DA9D667003E718F /* Base */,
			);
			name = LaunchScreen.storyboard;
			sourceTree = "<group>";
		};
/* End PBXVariantGroup section */

/* Begin XCBuildConfiguration section */
		2764800E1DA9D668003E718F /* Debug */ = {
			isa = XCBuildConfiguration;
			buildSettings = {
				ALWAYS_SEARCH_USER_PATHS = NO;
				CLANG_ANALYZER_NONNULL = YES;
				CLANG_CXX_LANGUAGE_STANDARD = "gnu++0x";
				CLANG_CXX_LIBRARY = "libc++";
				CLANG_ENABLE_MODULES = YES;
				CLANG_ENABLE_OBJC_ARC = YES;
				CLANG_WARN_BOOL_CONVERSION = YES;
				CLANG_WARN_CONSTANT_CONVERSION = YES;
				CLANG_WARN_DIRECT_OBJC_ISA_USAGE = YES_ERROR;
				CLANG_WARN_EMPTY_BODY = YES;
				CLANG_WARN_ENUM_CONVERSION = YES;
				CLANG_WARN_INT_CONVERSION = YES;
				CLANG_WARN_OBJC_ROOT_CLASS = YES_ERROR;
				CLANG_WARN_UNREACHABLE_CODE = YES;
				CLANG_WARN__DUPLICATE_METHOD_MATCH = YES;
				"CODE_SIGN_IDENTITY[sdk=iphoneos*]" = "iPhone Developer";
				COPY_PHASE_STRIP = NO;
				DEBUG_INFORMATION_FORMAT = dwarf;
				ENABLE_STRICT_OBJC_MSGSEND = YES;
				ENABLE_TESTABILITY = YES;
				GCC_C_LANGUAGE_STANDARD = gnu99;
				GCC_DYNAMIC_NO_PIC = NO;
				GCC_NO_COMMON_BLOCKS = YES;
				GCC_OPTIMIZATION_LEVEL = 0;
				GCC_PREPROCESSOR_DEFINITIONS = (
					"DEBUG=1",
					"$(inherited)",
				);
				GCC_WARN_64_TO_32_BIT_CONVERSION = YES;
				GCC_WARN_ABOUT_RETURN_TYPE = YES_ERROR;
				GCC_WARN_UNDECLARED_SELECTOR = YES;
				GCC_WARN_UNINITIALIZED_AUTOS = YES_AGGRESSIVE;
				GCC_WARN_UNUSED_FUNCTION = YES;
				GCC_WARN_UNUSED_VARIABLE = YES;
				IPHONEOS_DEPLOYMENT_TARGET = 9.3;
				MTL_ENABLE_DEBUG_INFO = YES;
				ONLY_ACTIVE_ARCH = YES;
				SDKROOT = iphoneos;
				SWIFT_OPTIMIZATION_LEVEL = "-Onone";
				TARGETED_DEVICE_FAMILY = "1,2";
			};
			name = Debug;
		};
		2764800F1DA9D668003E718F /* Release */ = {
			isa = XCBuildConfiguration;
			buildSettings = {
				ALWAYS_SEARCH_USER_PATHS = NO;
				CLANG_ANALYZER_NONNULL = YES;
				CLANG_CXX_LANGUAGE_STANDARD = "gnu++0x";
				CLANG_CXX_LIBRARY = "libc++";
				CLANG_ENABLE_MODULES = YES;
				CLANG_ENABLE_OBJC_ARC = YES;
				CLANG_WARN_BOOL_CONVERSION = YES;
				CLANG_WARN_CONSTANT_CONVERSION = YES;
				CLANG_WARN_DIRECT_OBJC_ISA_USAGE = YES_ERROR;
				CLANG_WARN_EMPTY_BODY = YES;
				CLANG_WARN_ENUM_CONVERSION = YES;
				CLANG_WARN_INT_CONVERSION = YES;
				CLANG_WARN_OBJC_ROOT_CLASS = YES_ERROR;
				CLANG_WARN_UNREACHABLE_CODE = YES;
				CLANG_WARN__DUPLICATE_METHOD_MATCH = YES;
				"CODE_SIGN_IDENTITY[sdk=iphoneos*]" = "iPhone Developer";
				COPY_PHASE_STRIP = NO;
				DEBUG_INFORMATION_FORMAT = "dwarf-with-dsym";
				ENABLE_NS_ASSERTIONS = NO;
				ENABLE_STRICT_OBJC_MSGSEND = YES;
				GCC_C_LANGUAGE_STANDARD = gnu99;
				GCC_NO_COMMON_BLOCKS = YES;
				GCC_WARN_64_TO_32_BIT_CONVERSION = YES;
				GCC_WARN_ABOUT_RETURN_TYPE = YES_ERROR;
				GCC_WARN_UNDECLARED_SELECTOR = YES;
				GCC_WARN_UNINITIALIZED_AUTOS = YES_AGGRESSIVE;
				GCC_WARN_UNUSED_FUNCTION = YES;
				GCC_WARN_UNUSED_VARIABLE = YES;
				IPHONEOS_DEPLOYMENT_TARGET = 9.3;
				MTL_ENABLE_DEBUG_INFO = NO;
				SDKROOT = iphoneos;
				TARGETED_DEVICE_FAMILY = "1,2";
				VALIDATE_PRODUCT = YES;
			};
			name = Release;
		};
		276480111DA9D668003E718F /* Debug */ = {
			isa = XCBuildConfiguration;
			buildSettings = {
				ASSETCATALOG_COMPILER_APPICON_NAME = AppIcon;
				INFOPLIST_FILE = Calculator/Info.plist;
				LD_RUNPATH_SEARCH_PATHS = "$(inherited) @executable_path/Frameworks";
				PRODUCT_BUNDLE_IDENTIFIER = com.cdtscom.cdts.Calculator;
				PRODUCT_NAME = "$(TARGET_NAME)";
			};
			name = Debug;
		};
		276480121DA9D668003E718F /* Release */ = {
			isa = XCBuildConfiguration;
			buildSettings = {
				ASSETCATALOG_COMPILER_APPICON_NAME = AppIcon;
				INFOPLIST_FILE = Calculator/Info.plist;
				LD_RUNPATH_SEARCH_PATHS = "$(inherited) @executable_path/Frameworks";
				PRODUCT_BUNDLE_IDENTIFIER = com.cdtscom.cdts.Calculator;
				PRODUCT_NAME = "$(TARGET_NAME)";
			};
			name = Release;
		};
		276480141DA9D668003E718F /* Debug */ = {
			isa = XCBuildConfiguration;
			buildSettings = {
				BUNDLE_LOADER = "$(TEST_HOST)";
				INFOPLIST_FILE = CalculatorTests/Info.plist;
				LD_RUNPATH_SEARCH_PATHS = "$(inherited) @executable_path/Frameworks @loader_path/Frameworks";
				PRODUCT_BUNDLE_IDENTIFIER = com.cdtscom.cdts.CalculatorTests;
				PRODUCT_NAME = "$(TARGET_NAME)";
				TEST_HOST = "$(BUILT_PRODUCTS_DIR)/Calculator.app/Calculator";
			};
			name = Debug;
		};
		276480151DA9D668003E718F /* Release */ = {
			isa = XCBuildConfiguration;
			buildSettings = {
				BUNDLE_LOADER = "$(TEST_HOST)";
				INFOPLIST_FILE = CalculatorTests/Info.plist;
				LD_RUNPATH_SEARCH_PATHS = "$(inherited) @executable_path/Frameworks @loader_path/Frameworks";
				PRODUCT_BUNDLE_IDENTIFIER = com.cdtscom.cdts.CalculatorTests;
				PRODUCT_NAME = "$(TARGET_NAME)";
				TEST_HOST = "$(BUILT_PRODUCTS_DIR)/Calculator.app/Calculator";
			};
			name = Release;
		};
		276480171DA9D668003E718F /* Debug */ = {
			isa = XCBuildConfiguration;
			buildSettings = {
				INFOPLIST_FILE = CalculatorUITests/Info.plist;
				LD_RUNPATH_SEARCH_PATHS = "$(inherited) @executable_path/Frameworks @loader_path/Frameworks";
				PRODUCT_BUNDLE_IDENTIFIER = com.cdtscom.cdts.CalculatorUITests;
				PRODUCT_NAME = "$(TARGET_NAME)";
				TEST_TARGET_NAME = Calculator;
			};
			name = Debug;
		};
		276480181DA9D668003E718F /* Release */ = {
			isa = XCBuildConfiguration;
			buildSettings = {
				INFOPLIST_FILE = CalculatorUITests/Info.plist;
				LD_RUNPATH_SEARCH_PATHS = "$(inherited) @executable_path/Frameworks @loader_path/Frameworks";
				PRODUCT_BUNDLE_IDENTIFIER = com.cdtscom.cdts.CalculatorUITests;
				PRODUCT_NAME = "$(TARGET_NAME)";
				TEST_TARGET_NAME = Calculator;
			};
			name = Release;
		};
/* End XCBuildConfiguration section */

/* Begin XCConfigurationList section */
		27647FE31DA9D667003E718F /* Build configuration list for PBXProject "Calculator" */ = {
			isa = XCConfigurationList;
			buildConfigurations = (
				2764800E1DA9D668003E718F /* Debug */,
				2764800F1DA9D668003E718F /* Release */,
			);
			defaultConfigurationIsVisible = 0;
			defaultConfigurationName = Release;
		};
		276480101DA9D668003E718F /* Build configuration list for PBXNativeTarget "Calculator" */ = {
			isa = XCConfigurationList;
			buildConfigurations = (
				276480111DA9D668003E718F /* Debug */,
				276480121DA9D668003E718F /* Release */,
			);
			defaultConfigurationIsVisible = 0;
			defaultConfigurationName = Release;
		};
		276480131DA9D668003E718F /* Build configuration list for PBXNativeTarget "CalculatorTests" */ = {
			isa = XCConfigurationList;
			buildConfigurations = (
				276480141DA9D668003E718F /* Debug */,
				276480151DA9D668003E718F /* Release */,
			);
			defaultConfigurationIsVisible = 0;
			defaultConfigurationName = Release;
		};
		276480161DA9D668003E718F /* Build configuration list for PBXNativeTarget "CalculatorUITests" */ = {
			isa = XCConfigurationList;
			buildConfigurations = (
				276480171DA9D668003E718F /* Debug */,
				276480181DA9D668003E718F /* Release */,
			);
			defaultConfigurationIsVisible = 0;
			defaultConfigurationName = Release;
		};
/* End XCConfigurationList section */
	};
	rootObject = 27647FE01DA9D667003E718F /* Project object */;
}
